
Microsoft Visual Studio Solution File, Format Version 12.00
# Visual Studio Version 17
VisualStudioVersion = 17.12.35115.95
MinimumVisualStudioVersion = 10.0.40219.1
Project("{FAE04EC0-301F-11D3-BF4B-00C04F79EFBC}") = "ErrorListTest", "ErrorListTest\ErrorListTest.csproj", "{D3279DB9-3F4D-4691-B001-65D88297DA2C}"
EndProject
Global
	GlobalSection(SolutionConfigurationPlatforms) = preSolution
		Debug|Any CPU = Debug|Any CPU
		Release|Any CPU = Release|Any CPU
	EndGlobalSection
	GlobalSection(ProjectConfigurationPlatforms) = postSolution
		{D3279DB9-3F4D-4691-B001-65D88297DA2C}.Debug|Any CPU.ActiveCfg = Debug|Any CPU
		{D3279DB9-3F4D-4691-B001-65D88297DA2C}.Debug|Any CPU.Build.0 = Debug|Any CPU
		{D3279DB9-3F4D-4691-B001-65D88297DA2C}.Release|Any CPU.ActiveCfg = Release|Any CPU
		{D3279DB9-3F4D-4691-B001-65D88297DA2C}.Release|Any CPU.Build.0 = Release|Any CPU
	EndGlobalSection
	GlobalSection(SolutionProperties) = preSolution
		HideSolutionNode = FALSE
	EndGlobalSection
	GlobalSection(ExtensibilityGlobals) = postSolution
		SolutionGuid = {94203BC3-3225-4F7D-ABAF-2A48DB211B80}
	EndGlobalSection
EndGlobal
